
Microsoft Visual Studio Solution File, Format Version 12.00
# Visual Studio Version 16
VisualStudioVersion = 16.0.31515.178
MinimumVisualStudioVersion = 10.0.40219.1
Project("{FAE04EC0-301F-11D3-BF4B-00C04F79EFBC}") = "test4_socket", "test4_socket\test4_socket.csproj", "{F56C8B82-E6E4-4D7F-9293-9791F48EF86D}"
EndProject
Global
	GlobalSection(SolutionConfigurationPlatforms) = preSolution
		Debug|Any CPU = Debug|Any CPU
		Release|Any CPU = Release|Any CPU
	EndGlobalSection
	GlobalSection(ProjectConfigurationPlatforms) = postSolution
		{F56C8B82-E6E4-4D7F-9293-9791F48EF86D}.Debug|Any CPU.ActiveCfg = Debug|Any CPU
		{F56C8B82-E6E4-4D7F-9293-9791F48EF86D}.Debug|Any CPU.Build.0 = Debug|Any CPU
		{F56C8B82-E6E4-4D7F-9293-9791F48EF86D}.Release|Any CPU.ActiveCfg = Release|Any CPU
		{F56C8B82-E6E4-4D7F-9293-9791F48EF86D}.Release|Any CPU.Build.0 = Release|Any CPU
	EndGlobalSection
	GlobalSection(SolutionProperties) = preSolution
		HideSolutionNode = FALSE
	EndGlobalSection
	GlobalSection(ExtensibilityGlobals) = postSolution
		SolutionGuid = {6314E405-EDBA-4556-B598-12EB6232CA21}
	EndGlobalSection
EndGlobal
